
Microsoft Visual Studio Solution File, Format Version 12.00
# Visual Studio 14
VisualStudioVersion = 14.0.24720.0
MinimumVisualStudioVersion = 10.0.40219.1
Project("{FAE04EC0-301F-11D3-BF4B-00C04F79EFBC}") = "MusicStoreAspProMvc5", "MusicStoreAspProMvc5\MusicStoreAspProMvc5.csproj", "{DFF2C415-0026-41C5-93C5-6FCAE26CEA05}"
EndProject
Project("{FAE04EC0-301F-11D3-BF4B-00C04F79EFBC}") = "MusicStoreAspProMvc5.Tests", "MusicStoreAspProMvc5.Tests\MusicStoreAspProMvc5.Tests.csproj", "{678106F8-ED76-496F-AB14-F44E08BF393B}"
EndProject
Global
	GlobalSection(SolutionConfigurationPlatforms) = preSolution
		Debug|Any CPU = Debug|Any CPU
		Release|Any CPU = Release|Any CPU
	EndGlobalSection
	GlobalSection(ProjectConfigurationPlatforms) = postSolution
		{DFF2C415-0026-41C5-93C5-6FCAE26CEA05}.Debug|Any CPU.ActiveCfg = Debug|Any CPU
		{DFF2C415-0026-41C5-93C5-6FCAE26CEA05}.Debug|Any CPU.Build.0 = Debug|Any CPU
		{DFF2C415-0026-41C5-93C5-6FCAE26CEA05}.Release|Any CPU.ActiveCfg = Release|Any CPU
		{DFF2C415-0026-41C5-93C5-6FCAE26CEA05}.Release|Any CPU.Build.0 = Release|Any CPU
		{678106F8-ED76-496F-AB14-F44E08BF393B}.Debug|Any CPU.ActiveCfg = Debug|Any CPU
		{678106F8-ED76-496F-AB14-F44E08BF393B}.Debug|Any CPU.Build.0 = Debug|Any CPU
		{678106F8-ED76-496F-AB14-F44E08BF393B}.Release|Any CPU.ActiveCfg = Release|Any CPU
		{678106F8-ED76-496F-AB14-F44E08BF393B}.Release|Any CPU.Build.0 = Release|Any CPU
	EndGlobalSection
	GlobalSection(SolutionProperties) = preSolution
		HideSolutionNode = FALSE
	EndGlobalSection
EndGlobal
